{
  "nodes": {
    "fenix": {
      "inputs": {
        "nixpkgs": [
          "nixpkgs"
        ],
        "rust-analyzer-src": "rust-analyzer-src"
      },
      "locked": {
        "lastModified": 1664606420,
        "narHash": "sha256-kWgK+rUd+O7YRrFSIJmbMmqfYiy5r/CXGi2noAO/e20=",
        "owner": "nix-community",
        "repo": "fenix",
        "rev": "22d9337eda8bf666622388c84a130ec3663ce2e8",
        "type": "github"
      },
      "original": {
        "owner": "nix-community",
        "repo": "fenix",
        "type": "github"
      }
    },
    "home-manager": {
      "inputs": {
        "nixpkgs": [
          "nixpkgs"
        ]
      },
      "locked": {
        "lastModified": 1656169755,
        "narHash": "sha256-Nlnm4jeQWEGjYrE6hxi/7HYHjBSZ/E0RtjCYifnNsWk=",
        "owner": "nix-community",
        "repo": "home-manager",
        "rev": "4a3d01fb53f52ac83194081272795aa4612c2381",
        "type": "github"
      },
      "original": {
        "owner": "nix-community",
        "ref": "release-22.05",
        "repo": "home-manager",
        "type": "github"
      }
    },
    "nixpkgs": {
      "locked": {
        "lastModified": 1666164185,
        "narHash": "sha256-5v+YB4ijeUfg5LCz9ck4gIpCPhIS+qn02OyPJO48bCE=",
        "owner": "NixOS",
        "repo": "nixpkgs",
        "rev": "c5203abb1329f7ea084c04acda330ca75d5b9fb5",
        "type": "github"
      },
      "original": {
        "owner": "NixOS",
        "ref": "nixos-22.05",
        "repo": "nixpkgs",
        "type": "github"
      }
    },
    "nixpkgs-unstable": {
      "locked": {
        "lastModified": 1663757063,
        "narHash": "sha256-H+BPgoXuVcdi3g5BH4cact4osjfjntaTQTdA/HNiCYE=",
        "owner": "NixOS",
        "repo": "nixpkgs",
        "rev": "a0e390471362e27349abc1090197e09fe8c59d16",
        "type": "github"
      },
      "original": {
        "owner": "NixOS",
        "ref": "nixpkgs-unstable",
        "repo": "nixpkgs",
        "type": "github"
      }
    },
    "root": {
      "inputs": {
        "fenix": "fenix",
        "home-manager": "home-manager",
        "nixpkgs": "nixpkgs",
        "nixpkgs-unstable": "nixpkgs-unstable"
      }
    },
    "rust-analyzer-src": {
      "flake": false,
      "locked": {
        "lastModified": 1664577760,
        "narHash": "sha256-n/RaXw0x7CeBMGD1C2SpmpXEI4oEPhmbiIeuSJUACFo=",
        "owner": "rust-lang",
        "repo": "rust-analyzer",
        "rev": "5b7e40014ef172839108af860487fe4209a02135",
        "type": "github"
      },
      "original": {
        "owner": "rust-lang",
        "ref": "nightly",
        "repo": "rust-analyzer",
        "type": "github"
      }
    }
  },
  "root": "root",
  "version": 7
}
